
Microsoft Visual Studio Solution File, Format Version 12.00
# Visual Studio Version 16
VisualStudioVersion = 16.0.30611.23
MinimumVisualStudioVersion = 10.0.40219.1
Project("{8BC9CEB8-8B4A-11D0-8D11-00A0C91BC942}") = "OCVtest", "OCVtest\OCVtest.vcxproj", "{71DE2178-4E85-4C77-AC40-7328A71E17DD}"
EndProject
Global
	GlobalSection(SolutionConfigurationPlatforms) = preSolution
		Debug|x64 = Debug|x64
		Debug|x86 = Debug|x86
		Release|x64 = Release|x64
		Release|x86 = Release|x86
	EndGlobalSection
	GlobalSection(ProjectConfigurationPlatforms) = postSolution
		{71DE2178-4E85-4C77-AC40-7328A71E17DD}.Debug|x64.ActiveCfg = Debug|x64
		{71DE2178-4E85-4C77-AC40-7328A71E17DD}.Debug|x64.Build.0 = Debug|x64
		{71DE2178-4E85-4C77-AC40-7328A71E17DD}.Debug|x86.ActiveCfg = Debug|Win32
		{71DE2178-4E85-4C77-AC40-7328A71E17DD}.Debug|x86.Build.0 = Debug|Win32
		{71DE2178-4E85-4C77-AC40-7328A71E17DD}.Release|x64.ActiveCfg = Release|x64
		{71DE2178-4E85-4C77-AC40-7328A71E17DD}.Release|x64.Build.0 = Release|x64
		{71DE2178-4E85-4C77-AC40-7328A71E17DD}.Release|x86.ActiveCfg = Release|Win32
		{71DE2178-4E85-4C77-AC40-7328A71E17DD}.Release|x86.Build.0 = Release|Win32
	EndGlobalSection
	GlobalSection(SolutionProperties) = preSolution
		HideSolutionNode = FALSE
	EndGlobalSection
	GlobalSection(ExtensibilityGlobals) = postSolution
		SolutionGuid = {3D7B9A0C-3129-4E39-A5F0-40EE0E035751}
	EndGlobalSection
EndGlobal
